// !$*UTF8*$!
{
	archiveVersion = 1;
	classes = {
	};
	objectVersion = 55;
	objects = {

/* Begin PBXBuildFile section */
		272085B52727EE0200396402 /* AppDelegate.swift in Sources */ = {isa = PBXBuildFile; fileRef = 272085B42727EE0200396402 /* AppDelegate.swift */; };
		272085B72727EE0200396402 /* SceneDelegate.swift in Sources */ = {isa = PBXBuildFile; fileRef = 272085B62727EE0200396402 /* SceneDelegate.swift */; };
		272085B92727EE0200396402 /* LoginViewController.swift in Sources */ = {isa = PBXBuildFile; fileRef = 272085B82727EE0200396402 /* LoginViewController.swift */; };
		272085BC2727EE0200396402 /* Main.storyboard in Resources */ = {isa = PBXBuildFile; fileRef = 272085BA2727EE0200396402 /* Main.storyboard */; };
		272085BE2727EE0600396402 /* Assets.xcassets in Resources */ = {isa = PBXBuildFile; fileRef = 272085BD2727EE0600396402 /* Assets.xcassets */; };
		272085C12727EE0600396402 /* LaunchScreen.storyboard in Resources */ = {isa = PBXBuildFile; fileRef = 272085BF2727EE0600396402 /* LaunchScreen.storyboard */; };
		27D05046272C9E2700E44FDD /* AboutMeViewController.swift in Sources */ = {isa = PBXBuildFile; fileRef = 27D05045272C9E2700E44FDD /* AboutMeViewController.swift */; };
		27D05048272C9E6F00E44FDD /* HobbyViewController.swift in Sources */ = {isa = PBXBuildFile; fileRef = 27D05047272C9E6F00E44FDD /* HobbyViewController.swift */; };
		27D0504F272D484C00E44FDD /* Model.swift in Sources */ = {isa = PBXBuildFile; fileRef = 27D0504E272D484C00E44FDD /* Model.swift */; };
		27FAE42F2729622C008732D6 /* WelcomeViewController.swift in Sources */ = {isa = PBXBuildFile; fileRef = 27FAE42E2729622C008732D6 /* WelcomeViewController.swift */; };
		27FC636D272D904E003B5CE7 /* AboutMeButtonViewController.swift in Sources */ = {isa = PBXBuildFile; fileRef = 27FC636C272D904E003B5CE7 /* AboutMeButtonViewController.swift */; };
/* End PBXBuildFile section */

/* Begin PBXFileReference section */
		272085B12727EE0200396402 /* AnanevAYU_HW2.3.app */ = {isa = PBXFileReference; explicitFileType = wrapper.application; includeInIndex = 0; path = AnanevAYU_HW2.3.app; sourceTree = BUILT_PRODUCTS_DIR; };
		272085B42727EE0200396402 /* AppDelegate.swift */ = {isa = PBXFileReference; lastKnownFileType = sourcecode.swift; path = AppDelegate.swift; sourceTree = "<group>"; };
		272085B62727EE0200396402 /* SceneDelegate.swift */ = {isa = PBXFileReference; lastKnownFileType = sourcecode.swift; path = SceneDelegate.swift; sourceTree = "<group>"; };
		272085B82727EE0200396402 /* LoginViewController.swift */ = {isa = PBXFileReference; lastKnownFileType = sourcecode.swift; path = LoginViewController.swift; sourceTree = "<group>"; };
		272085BB2727EE0200396402 /* Base */ = {isa = PBXFileReference; lastKnownFileType = file.storyboard; name = Base; path = Base.lproj/Main.storyboard; sourceTree = "<group>"; };
		272085BD2727EE0600396402 /* Assets.xcassets */ = {isa = PBXFileReference; lastKnownFileType = folder.assetcatalog; path = Assets.xcassets; sourceTree = "<group>"; };
		272085C02727EE0600396402 /* Base */ = {isa = PBXFileReference; lastKnownFileType = file.storyboard; name = Base; path = Base.lproj/LaunchScreen.storyboard; sourceTree = "<group>"; };
		272085C22727EE0600396402 /* Info.plist */ = {isa = PBXFileReference; lastKnownFileType = text.plist.xml; path = Info.plist; sourceTree = "<group>"; };
		27D05045272C9E2700E44FDD /* AboutMeViewController.swift */ = {isa = PBXFileReference; lastKnownFileType = sourcecode.swift; path = AboutMeViewController.swift; sourceTree = "<group>"; };
		27D05047272C9E6F00E44FDD /* HobbyViewController.swift */ = {isa = PBXFileReference; lastKnownFileType = sourcecode.swift; path = HobbyViewController.swift; sourceTree = "<group>"; };
		27D0504E272D484C00E44FDD /* Model.swift */ = {isa = PBXFileReference; lastKnownFileType = sourcecode.swift; path = Model.swift; sourceTree = "<group>"; };
		27FAE42E2729622C008732D6 /* WelcomeViewController.swift */ = {isa = PBXFileReference; lastKnownFileType = sourcecode.swift; path = WelcomeViewController.swift; sourceTree = "<group>"; };
		27FC636C272D904E003B5CE7 /* AboutMeButtonViewController.swift */ = {isa = PBXFileReference; lastKnownFileType = sourcecode.swift; path = AboutMeButtonViewController.swift; sourceTree = "<group>"; };
/* End PBXFileReference section */

/* Begin PBXFrameworksBuildPhase section */
		272085AE2727EE0200396402 /* Frameworks */ = {
			isa = PBXFrameworksBuildPhase;
			buildActionMask = 2147483647;
			files = (
			);
			runOnlyForDeploymentPostprocessing = 0;
		};
/* End PBXFrameworksBuildPhase section */

/* Begin PBXGroup section */
		271919B3272BFB1D009DA83F /* ViewControllers */ = {
			isa = PBXGroup;
			children = (
				272085B82727EE0200396402 /* LoginViewController.swift */,
				27FAE42E2729622C008732D6 /* WelcomeViewController.swift */,
				27D05047272C9E6F00E44FDD /* HobbyViewController.swift */,
				27D05045272C9E2700E44FDD /* AboutMeViewController.swift */,
				27FC636C272D904E003B5CE7 /* AboutMeButtonViewController.swift */,
			);
			name = ViewControllers;
			sourceTree = "<group>";
		};
		272085A82727EE0200396402 = {
			isa = PBXGroup;
			children = (
				272085B32727EE0200396402 /* AnanevAYU_HW2.3 */,
				272085B22727EE0200396402 /* Products */,
			);
			sourceTree = "<group>";
		};
		272085B22727EE0200396402 /* Products */ = {
			isa = PBXGroup;
			children = (
				272085B12727EE0200396402 /* AnanevAYU_HW2.3.app */,
			);
			name = Products;
			sourceTree = "<group>";
		};
		272085B32727EE0200396402 /* AnanevAYU_HW2.3 */ = {
			isa = PBXGroup;
			children = (
				27D0504D272D479A00E44FDD /* Model */,
				271919B3272BFB1D009DA83F /* ViewControllers */,
				27D05049272D460E00E44FDD /* Storyboards */,
				27D0504B272D463A00E44FDD /* Configs */,
				27D0504A272D462500E44FDD /* Resorses */,
				272085BF2727EE0600396402 /* LaunchScreen.storyboard */,
				272085C22727EE0600396402 /* Info.plist */,
			);
			path = AnanevAYU_HW2.3;
			sourceTree = "<group>";
		};
		27D05049272D460E00E44FDD /* Storyboards */ = {
			isa = PBXGroup;
			children = (
				272085BA2727EE0200396402 /* Main.storyboard */,
			);
			name = Storyboards;
			sourceTree = "<group>";
		};
		27D0504A272D462500E44FDD /* Resorses */ = {
			isa = PBXGroup;
			children = (
				272085BD2727EE0600396402 /* Assets.xcassets */,
			);
			name = Resorses;
			sourceTree = "<group>";
		};
		27D0504B272D463A00E44FDD /* Configs */ = {
			isa = PBXGroup;
			children = (
				272085B42727EE0200396402 /* AppDelegate.swift */,
				272085B62727EE0200396402 /* SceneDelegate.swift */,
			);
			name = Configs;
			sourceTree = "<group>";
		};
		27D0504D272D479A00E44FDD /* Model */ = {
			isa = PBXGroup;
			children = (
				27D0504E272D484C00E44FDD /* Model.swift */,
			);
			name = Model;
			sourceTree = "<group>";
		};
/* End PBXGroup section */

/* Begin PBXNativeTarget section */
		272085B02727EE0200396402 /* AnanevAYU_HW2.3 */ = {
			isa = PBXNativeTarget;
			buildConfigurationList = 272085C52727EE0600396402 /* Build configuration list for PBXNativeTarget "AnanevAYU_HW2.3" */;
			buildPhases = (
				272085AD2727EE0200396402 /* Sources */,
				272085AE2727EE0200396402 /* Frameworks */,
				272085AF2727EE0200396402 /* Resources */,
			);
			buildRules = (
			);
			dependencies = (
			);
			name = AnanevAYU_HW2.3;
			productName = AnanevAYU_HW2.3;
			productReference = 272085B12727EE0200396402 /* AnanevAYU_HW2.3.app */;
			productType = "com.apple.product-type.application";
		};
/* End PBXNativeTarget section */

/* Begin PBXProject section */
		272085A92727EE0200396402 /* Project object */ = {
			isa = PBXProject;
			attributes = {
				BuildIndependentTargetsInParallel = 1;
				LastSwiftUpdateCheck = 1300;
				LastUpgradeCheck = 1300;
				TargetAttributes = {
					272085B02727EE0200396402 = {
						CreatedOnToolsVersion = 13.0;
					};
				};
			};
			buildConfigurationList = 272085AC2727EE0200396402 /* Build configuration list for PBXProject "AnanevAYU_HW2.3" */;
			compatibilityVersion = "Xcode 13.0";
			developmentRegion = en;
			hasScannedForEncodings = 0;
			knownRegions = (
				en,
				Base,
			);
			mainGroup = 272085A82727EE0200396402;
			productRefGroup = 272085B22727EE0200396402 /* Products */;
			projectDirPath = "";
			projectRoot = "";
			targets = (
				272085B02727EE0200396402 /* AnanevAYU_HW2.3 */,
			);
		};
/* End PBXProject section */

/* Begin PBXResourcesBuildPhase section */
		272085AF2727EE0200396402 /* Resources */ = {
			isa = PBXResourcesBuildPhase;
			buildActionMask = 2147483647;
			files = (
				272085C12727EE0600396402 /* LaunchScreen.storyboard in Resources */,
				272085BE2727EE0600396402 /* Assets.xcassets in Resources */,
				272085BC2727EE0200396402 /* Main.storyboard in Resources */,
			);
			runOnlyForDeploymentPostprocessing = 0;
		};
/* End PBXResourcesBuildPhase section */

/* Begin PBXSourcesBuildPhase section */
		272085AD2727EE0200396402 /* Sources */ = {
			isa = PBXSourcesBuildPhase;
			buildActionMask = 2147483647;
			files = (
				27D0504F272D484C00E44FDD /* Model.swift in Sources */,
				272085B92727EE0200396402 /* LoginViewController.swift in Sources */,
				27D05046272C9E2700E44FDD /* AboutMeViewController.swift in Sources */,
				27FAE42F2729622C008732D6 /* WelcomeViewController.swift in Sources */,
				27FC636D272D904E003B5CE7 /* AboutMeButtonViewController.swift in Sources */,
				27D05048272C9E6F00E44FDD /* HobbyViewController.swift in Sources */,
				272085B52727EE0200396402 /* AppDelegate.swift in Sources */,
				272085B72727EE0200396402 /* SceneDelegate.swift in Sources */,
			);
			runOnlyForDeploymentPostprocessing = 0;
		};
/* End PBXSourcesBuildPhase section */

/* Begin PBXVariantGroup section */
		272085BA2727EE0200396402 /* Main.storyboard */ = {
			isa = PBXVariantGroup;
			children = (
				272085BB2727EE0200396402 /* Base */,
			);
			name = Main.storyboard;
			sourceTree = "<group>";
		};
		272085BF2727EE0600396402 /* LaunchScreen.storyboard */ = {
			isa = PBXVariantGroup;
			children = (
				272085C02727EE0600396402 /* Base */,
			);
			name = LaunchScreen.storyboard;
			sourceTree = "<group>";
		};
/* End PBXVariantGroup section */

/* Begin XCBuildConfiguration section */
		272085C32727EE0600396402 /* Debug */ = {
			isa = XCBuildConfiguration;
			buildSettings = {
				ALWAYS_SEARCH_USER_PATHS = NO;
				CLANG_ANALYZER_NONNULL = YES;
				CLANG_ANALYZER_NUMBER_OBJECT_CONVERSION = YES_AGGRESSIVE;
				CLANG_CXX_LANGUAGE_STANDARD = "gnu++17";
				CLANG_CXX_LIBRARY = "libc++";
				CLANG_ENABLE_MODULES = YES;
				CLANG_ENABLE_OBJC_ARC = YES;
				CLANG_ENABLE_OBJC_WEAK = YES;
				CLANG_WARN_BLOCK_CAPTURE_AUTORELEASING = YES;
				CLANG_WARN_BOOL_CONVERSION = YES;
				CLANG_WARN_COMMA = YES;
				CLANG_WARN_CONSTANT_CONVERSION = YES;
				CLANG_WARN_DEPRECATED_OBJC_IMPLEMENTATIONS = YES;
				CLANG_WARN_DIRECT_OBJC_ISA_USAGE = YES_ERROR;
				CLANG_WARN_DOCUMENTATION_COMMENTS = YES;
				CLANG_WARN_EMPTY_BODY = YES;
				CLANG_WARN_ENUM_CONVERSION = YES;
				CLANG_WARN_INFINITE_RECURSION = YES;
				CLANG_WARN_INT_CONVERSION = YES;
				CLANG_WARN_NON_LITERAL_NULL_CONVERSION = YES;
				CLANG_WARN_OBJC_IMPLICIT_RETAIN_SELF = YES;
				CLANG_WARN_OBJC_LITERAL_CONVERSION = YES;
				CLANG_WARN_OBJC_ROOT_CLASS = YES_ERROR;
				CLANG_WARN_QUOTED_INCLUDE_IN_FRAMEWORK_HEADER = YES;
				CLANG_WARN_RANGE_LOOP_ANALYSIS = YES;
				CLANG_WARN_STRICT_PROTOTYPES = YES;
				CLANG_WARN_SUSPICIOUS_MOVE = YES;
				CLANG_WARN_UNGUARDED_AVAILABILITY = YES_AGGRESSIVE;
				CLANG_WARN_UNREACHABLE_CODE = YES;
				CLANG_WARN__DUPLICATE_METHOD_MATCH = YES;
				COPY_PHASE_STRIP = NO;
				DEBUG_INFORMATION_FORMAT = dwarf;
				ENABLE_STRICT_OBJC_MSGSEND = YES;
				ENABLE_TESTABILITY = YES;
				GCC_C_LANGUAGE_STANDARD = gnu11;
				GCC_DYNAMIC_NO_PIC = NO;
				GCC_NO_COMMON_BLOCKS = YES;
				GCC_OPTIMIZATION_LEVEL = 0;
				GCC_PREPROCESSOR_DEFINITIONS = (
					"DEBUG=1",
					"$(inherited)",
				);
				GCC_WARN_64_TO_32_BIT_CONVERSION = YES;
				GCC_WARN_ABOUT_RETURN_TYPE = YES_ERROR;
				GCC_WARN_UNDECLARED_SELECTOR = YES;
				GCC_WARN_UNINITIALIZED_AUTOS = YES_AGGRESSIVE;
				GCC_WARN_UNUSED_FUNCTION = YES;
				GCC_WARN_UNUSED_VARIABLE = YES;
				IPHONEOS_DEPLOYMENT_TARGET = 15.0;
				MTL_ENABLE_DEBUG_INFO = INCLUDE_SOURCE;
				MTL_FAST_MATH = YES;
				ONLY_ACTIVE_ARCH = YES;
				SDKROOT = iphoneos;
				SWIFT_ACTIVE_COMPILATION_CONDITIONS = DEBUG;
				SWIFT_OPTIMIZATION_LEVEL = "-Onone";
			};
			name = Debug;
		};
		272085C42727EE0600396402 /* Release */ = {
			isa = XCBuildConfiguration;
			buildSettings = {
				ALWAYS_SEARCH_USER_PATHS = NO;
				CLANG_ANALYZER_NONNULL = YES;
				CLANG_ANALYZER_NUMBER_OBJECT_CONVERSION = YES_AGGRESSIVE;
				CLANG_CXX_LANGUAGE_STANDARD = "gnu++17";
				CLANG_CXX_LIBRARY = "libc++";
				CLANG_ENABLE_MODULES = YES;
				CLANG_ENABLE_OBJC_ARC = YES;
				CLANG_ENABLE_OBJC_WEAK = YES;
				CLANG_WARN_BLOCK_CAPTURE_AUTORELEASING = YES;
				CLANG_WARN_BOOL_CONVERSION = YES;
				CLANG_WARN_COMMA = YES;
				CLANG_WARN_CONSTANT_CONVERSION = YES;
				CLANG_WARN_DEPRECATED_OBJC_IMPLEMENTATIONS = YES;
				CLANG_WARN_DIRECT_OBJC_ISA_USAGE = YES_ERROR;
				CLANG_WARN_DOCUMENTATION_COMMENTS = YES;
				CLANG_WARN_EMPTY_BODY = YES;
				CLANG_WARN_ENUM_CONVERSION = YES;
				CLANG_WARN_INFINITE_RECURSION = YES;
				CLANG_WARN_INT_CONVERSION = YES;
				CLANG_WARN_NON_LITERAL_NULL_CONVERSION = YES;
				CLANG_WARN_OBJC_IMPLICIT_RETAIN_SELF = YES;
				CLANG_WARN_OBJC_LITERAL_CONVERSION = YES;
				CLANG_WARN_OBJC_ROOT_CLASS = YES_ERROR;
				CLANG_WARN_QUOTED_INCLUDE_IN_FRAMEWORK_HEADER = YES;
				CLANG_WARN_RANGE_LOOP_ANALYSIS = YES;
				CLANG_WARN_STRICT_PROTOTYPES = YES;
				CLANG_WARN_SUSPICIOUS_MOVE = YES;
				CLANG_WARN_UNGUARDED_AVAILABILITY = YES_AGGRESSIVE;
				CLANG_WARN_UNREACHABLE_CODE = YES;
				CLANG_WARN__DUPLICATE_METHOD_MATCH = YES;
				COPY_PHASE_STRIP = NO;
				DEBUG_INFORMATION_FORMAT = "dwarf-with-dsym";
				ENABLE_NS_ASSERTIONS = NO;
				ENABLE_STRICT_OBJC_MSGSEND = YES;
				GCC_C_LANGUAGE_STANDARD = gnu11;
				GCC_NO_COMMON_BLOCKS = YES;
				GCC_WARN_64_TO_32_BIT_CONVERSION = YES;
				GCC_WARN_ABOUT_RETURN_TYPE = YES_ERROR;
				GCC_WARN_UNDECLARED_SELECTOR = YES;
				GCC_WARN_UNINITIALIZED_AUTOS = YES_AGGRESSIVE;
				GCC_WARN_UNUSED_FUNCTION = YES;
				GCC_WARN_UNUSED_VARIABLE = YES;
				IPHONEOS_DEPLOYMENT_TARGET = 15.0;
				MTL_ENABLE_DEBUG_INFO = NO;
				MTL_FAST_MATH = YES;
				SDKROOT = iphoneos;
				SWIFT_COMPILATION_MODE = wholemodule;
				SWIFT_OPTIMIZATION_LEVEL = "-O";
				VALIDATE_PRODUCT = YES;
			};
			name = Release;
		};
		272085C62727EE0600396402 /* Debug */ = {
			isa = XCBuildConfiguration;
			buildSettings = {
				ASSETCATALOG_COMPILER_APPICON_NAME = AppIcon;
				ASSETCATALOG_COMPILER_GLOBAL_ACCENT_COLOR_NAME = AccentColor;
				CODE_SIGN_STYLE = Automatic;
				CURRENT_PROJECT_VERSION = 1;
				DEVELOPMENT_TEAM = BTLRG3P6M6;
				GENERATE_INFOPLIST_FILE = YES;
				INFOPLIST_FILE = AnanevAYU_HW2.3/Info.plist;
				INFOPLIST_KEY_UIApplicationSupportsIndirectInputEvents = YES;
				INFOPLIST_KEY_UILaunchStoryboardName = LaunchScreen;
				INFOPLIST_KEY_UIMainStoryboardFile = Main;
				INFOPLIST_KEY_UISupportedInterfaceOrientations = UIInterfaceOrientationPortrait;
				INFOPLIST_KEY_UISupportedInterfaceOrientations_iPad = "UIInterfaceOrientationPortrait UIInterfaceOrientationPortraitUpsideDown UIInterfaceOrientationLandscapeLeft UIInterfaceOrientationLandscapeRight";
				INFOPLIST_KEY_UISupportedInterfaceOrientations_iPhone = "UIInterfaceOrientationPortrait UIInterfaceOrientationLandscapeLeft UIInterfaceOrientationLandscapeRight";
				LD_RUNPATH_SEARCH_PATHS = (
					"$(inherited)",
					"@executable_path/Frameworks",
				);
				MARKETING_VERSION = 1.0;
				PRODUCT_BUNDLE_IDENTIFIER = "Tony.Studio.AnanevAYU-HW2-3";
				PRODUCT_NAME = "$(TARGET_NAME)";
				SWIFT_EMIT_LOC_STRINGS = YES;
				SWIFT_VERSION = 5.0;
				TARGETED_DEVICE_FAMILY = 1;
			};
			name = Debug;
		};
		272085C72727EE0600396402 /* Release */ = {
			isa = XCBuildConfiguration;
			buildSettings = {
				ASSETCATALOG_COMPILER_APPICON_NAME = AppIcon;
				ASSETCATALOG_COMPILER_GLOBAL_ACCENT_COLOR_NAME = AccentColor;
				CODE_SIGN_STYLE = Automatic;
				CURRENT_PROJECT_VERSION = 1;
				DEVELOPMENT_TEAM = BTLRG3P6M6;
				GENERATE_INFOPLIST_FILE = YES;
				INFOPLIST_FILE = AnanevAYU_HW2.3/Info.plist;
				INFOPLIST_KEY_UIApplicationSupportsIndirectInputEvents = YES;
				INFOPLIST_KEY_UILaunchStoryboardName = LaunchScreen;
				INFOPLIST_KEY_UIMainStoryboardFile = Main;
				INFOPLIST_KEY_UISupportedInterfaceOrientations = UIInterfaceOrientationPortrait;
				INFOPLIST_KEY_UISupportedInterfaceOrientations_iPad = "UIInterfaceOrientationPortrait UIInterfaceOrientationPortraitUpsideDown UIInterfaceOrientationLandscapeLeft UIInterfaceOrientationLandscapeRight";
				INFOPLIST_KEY_UISupportedInterfaceOrientations_iPhone = "UIInterfaceOrientationPortrait UIInterfaceOrientationLandscapeLeft UIInterfaceOrientationLandscapeRight";
				LD_RUNPATH_SEARCH_PATHS = (
					"$(inherited)",
					"@executable_path/Frameworks",
				);
				MARKETING_VERSION = 1.0;
				PRODUCT_BUNDLE_IDENTIFIER = "Tony.Studio.AnanevAYU-HW2-3";
				PRODUCT_NAME = "$(TARGET_NAME)";
				SWIFT_EMIT_LOC_STRINGS = YES;
				SWIFT_VERSION = 5.0;
				TARGETED_DEVICE_FAMILY = 1;
			};
			name = Release;
		};
/* End XCBuildConfiguration section */

/* Begin XCConfigurationList section */
		272085AC2727EE0200396402 /* Build configuration list for PBXProject "AnanevAYU_HW2.3" */ = {
			isa = XCConfigurationList;
			buildConfigurations = (
				272085C32727EE0600396402 /* Debug */,
				272085C42727EE0600396402 /* Release */,
			);
			defaultConfigurationIsVisible = 0;
			defaultConfigurationName = Release;
		};
		272085C52727EE0600396402 /* Build configuration list for PBXNativeTarget "AnanevAYU_HW2.3" */ = {
			isa = XCConfigurationList;
			buildConfigurations = (
				272085C62727EE0600396402 /* Debug */,
				272085C72727EE0600396402 /* Release */,
			);
			defaultConfigurationIsVisible = 0;
			defaultConfigurationName = Release;
		};
/* End XCConfigurationList section */
	};
	rootObject = 272085A92727EE0200396402 /* Project object */;
}
